
Microsoft Visual Studio Solution File, Format Version 12.00
# Visual Studio 15
VisualStudioVersion = 15.0.26730.3
MinimumVisualStudioVersion = 10.0.40219.1
Project("{9A19103F-16F7-4668-BE54-9A1E7A4F7556}") = "VolunteerSystem", "VolunteerSystem\VolunteerSystem.csproj", "{FEE73898-A8DB-4829-830F-C8E17F3689A3}"
EndProject
Global
	GlobalSection(SolutionConfigurationPlatforms) = preSolution
		Debug|Any CPU = Debug|Any CPU
		Release|Any CPU = Release|Any CPU
	EndGlobalSection
	GlobalSection(ProjectConfigurationPlatforms) = postSolution
		{FEE73898-A8DB-4829-830F-C8E17F3689A3}.Debug|Any CPU.ActiveCfg = Debug|Any CPU
		{FEE73898-A8DB-4829-830F-C8E17F3689A3}.Debug|Any CPU.Build.0 = Debug|Any CPU
		{FEE73898-A8DB-4829-830F-C8E17F3689A3}.Release|Any CPU.ActiveCfg = Release|Any CPU
		{FEE73898-A8DB-4829-830F-C8E17F3689A3}.Release|Any CPU.Build.0 = Release|Any CPU
	EndGlobalSection
	GlobalSection(SolutionProperties) = preSolution
		HideSolutionNode = FALSE
	EndGlobalSection
	GlobalSection(ExtensibilityGlobals) = postSolution
		SolutionGuid = {2EC61681-896E-4D54-B18E-E0AF61A90393}
	EndGlobalSection
EndGlobal
